
Microsoft Visual Studio Solution File, Format Version 12.00
# Visual Studio 14
VisualStudioVersion = 14.0.25123.0
MinimumVisualStudioVersion = 10.0.40219.1
Project("{FAE04EC0-301F-11D3-BF4B-00C04F79EFBC}") = "IssuePrinter.Core", "IssuePrinter.Core\IssuePrinter.Core.csproj", "{DF487D41-C740-4C4E-BF0E-572BEA01A215}"
EndProject
Project("{FAE04EC0-301F-11D3-BF4B-00C04F79EFBC}") = "IssuePrinter.Web", "IssuePrinter.Web\IssuePrinter.Web.csproj", "{6D8A42D7-8687-444A-B0D1-0D61B459CC3A}"
EndProject
Global
	GlobalSection(SolutionConfigurationPlatforms) = preSolution
		Debug|Any CPU = Debug|Any CPU
		Release|Any CPU = Release|Any CPU
	EndGlobalSection
	GlobalSection(ProjectConfigurationPlatforms) = postSolution
		{DF487D41-C740-4C4E-BF0E-572BEA01A215}.Debug|Any CPU.ActiveCfg = Debug|Any CPU
		{DF487D41-C740-4C4E-BF0E-572BEA01A215}.Debug|Any CPU.Build.0 = Debug|Any CPU
		{DF487D41-C740-4C4E-BF0E-572BEA01A215}.Release|Any CPU.ActiveCfg = Release|Any CPU
		{DF487D41-C740-4C4E-BF0E-572BEA01A215}.Release|Any CPU.Build.0 = Release|Any CPU
		{6D8A42D7-8687-444A-B0D1-0D61B459CC3A}.Debug|Any CPU.ActiveCfg = Debug|Any CPU
		{6D8A42D7-8687-444A-B0D1-0D61B459CC3A}.Debug|Any CPU.Build.0 = Debug|Any CPU
		{6D8A42D7-8687-444A-B0D1-0D61B459CC3A}.Release|Any CPU.ActiveCfg = Release|Any CPU
		{6D8A42D7-8687-444A-B0D1-0D61B459CC3A}.Release|Any CPU.Build.0 = Release|Any CPU
	EndGlobalSection
	GlobalSection(SolutionProperties) = preSolution
		HideSolutionNode = FALSE
	EndGlobalSection
EndGlobal
